
Microsoft Visual Studio Solution File, Format Version 12.00
# Visual Studio Version 16
VisualStudioVersion = 16.0.30907.101
MinimumVisualStudioVersion = 10.0.40219.1
Project("{FAE04EC0-301F-11D3-BF4B-00C04F79EFBC}") = "pic-vev Vagin Timofey", "pic-vev Vagin Timofey\pic-vev Vagin Timofey.csproj", "{06901FD1-33C8-4D61-9006-72D566FFD9E7}"
EndProject
Global
	GlobalSection(SolutionConfigurationPlatforms) = preSolution
		Debug|Any CPU = Debug|Any CPU
		Release|Any CPU = Release|Any CPU
	EndGlobalSection
	GlobalSection(ProjectConfigurationPlatforms) = postSolution
		{06901FD1-33C8-4D61-9006-72D566FFD9E7}.Debug|Any CPU.ActiveCfg = Debug|Any CPU
		{06901FD1-33C8-4D61-9006-72D566FFD9E7}.Debug|Any CPU.Build.0 = Debug|Any CPU
		{06901FD1-33C8-4D61-9006-72D566FFD9E7}.Release|Any CPU.ActiveCfg = Release|Any CPU
		{06901FD1-33C8-4D61-9006-72D566FFD9E7}.Release|Any CPU.Build.0 = Release|Any CPU
	EndGlobalSection
	GlobalSection(SolutionProperties) = preSolution
		HideSolutionNode = FALSE
	EndGlobalSection
	GlobalSection(ExtensibilityGlobals) = postSolution
		SolutionGuid = {0BD495FD-7A0D-44E9-A5E6-3E2023D81707}
	EndGlobalSection
EndGlobal
